Microsoft Visual Studio Solution File, Format Version 12.00
# Visual Studio Version 17
VisualStudioVersion = 17.5.2.0
MinimumVisualStudioVersion = 10.0.40219.1
Project("{FAE04EC0-301F-11D3-BF4B-00C04F79EFBC}") = "ChessClient", "ChessClient\ChessClient.csproj", "{B717869F-16CF-D7B8-94D7-7F0FC9178C43}"
EndProject
Project("{FAE04EC0-301F-11D3-BF4B-00C04F79EFBC}") = "ChessServer", "ChessServer\ChessServer.csproj", "{CBB0E252-26C8-255F-1DB1-7FCB1F315498}"
EndProject
Global
	GlobalSection(SolutionConfigurationPlatforms) = preSolution
		Debug|Any CPU = Debug|Any CPU
		Release|Any CPU = Release|Any CPU
	EndGlobalSection
	GlobalSection(ProjectConfigurationPlatforms) = postSolution
		{B717869F-16CF-D7B8-94D7-7F0FC9178C43}.Debug|Any CPU.ActiveCfg = Debug|Any CPU
		{B717869F-16CF-D7B8-94D7-7F0FC9178C43}.Debug|Any CPU.Build.0 = Debug|Any CPU
		{B717869F-16CF-D7B8-94D7-7F0FC9178C43}.Release|Any CPU.ActiveCfg = Release|Any CPU
		{B717869F-16CF-D7B8-94D7-7F0FC9178C43}.Release|Any CPU.Build.0 = Release|Any CPU
		{CBB0E252-26C8-255F-1DB1-7FCB1F315498}.Debug|Any CPU.ActiveCfg = Debug|Any CPU
		{CBB0E252-26C8-255F-1DB1-7FCB1F315498}.Debug|Any CPU.Build.0 = Debug|Any CPU
		{CBB0E252-26C8-255F-1DB1-7FCB1F315498}.Release|Any CPU.ActiveCfg = Release|Any CPU
		{CBB0E252-26C8-255F-1DB1-7FCB1F315498}.Release|Any CPU.Build.0 = Release|Any CPU
	EndGlobalSection
	GlobalSection(SolutionProperties) = preSolution
		HideSolutionNode = FALSE
	EndGlobalSection
	GlobalSection(ExtensibilityGlobals) = postSolution
		SolutionGuid = {6291E2B8-5688-42CA-BDC9-7C0DE444306D}
	EndGlobalSection
EndGlobal
